{
    "name": "phase-4-deploying-app-demo",
    "lockfileVersion": 2,
    "requires": true,
    "packages": {
        "": {
            "name": "phase-4-deploying-app-demo",
            "dependencies": {
                "@version/react-router-v3": "^1.0.0",
                "history": "^5.0.1",
                "react-router": "^3.2.6"
            },
            "engines": {
                "node": ">= 14"
            }
        },
        "node_modules/@babel/runtime": {
            "version": "7.15.4",
            "resolved": "https://registry.npmjs.org/@babel/runtime/-/runtime-7.15.4.tgz",
            "integrity": "sha512-99catp6bHCaxr4sJ/DbTGgHS4+Rs2RVd2g7iOap6SLGPDknRK9ztKNsE/Fg6QhSeh1FGE5f6gHGQmvvn3I3xhw==",
            "dependencies": {
                "regenerator-runtime": "^0.13.4"
            },
            "engines": {
                "node": ">=6.9.0"
            }
        },
        "node_modules/@version/react-router-v3": {
            "version": "1.0.0",
            "resolved": "https://registry.npmjs.org/@version/react-router-v3/-/react-router-v3-1.0.0.tgz",
            "integrity": "sha512-5LOzVnjTBS6A3AYWOdTfPKmL28nA3YsvyO/nN0Xdx7eRARVLfHVVi1+DEDXd1BgZgJfRdBQWnAlcxfPAHt7I7A==",
            "dependencies": {
                "react-router": "^3.0.0"
            }
        },
        "node_modules/create-react-class": {
            "version": "15.7.0",
            "resolved": "https://registry.npmjs.org/create-react-class/-/create-react-class-15.7.0.tgz",
            "integrity": "sha512-QZv4sFWG9S5RUvkTYWbflxeZX+JG7Cz0Tn33rQBJ+WFQTqTfUTjMjiv9tnfXazjsO5r0KhPs+AqCjyrQX6h2ng==",
            "dependencies": {
                "loose-envify": "^1.3.1",
                "object-assign": "^4.1.1"
            }
        },
        "node_modules/history": {
            "version": "5.0.1",
            "resolved": "https://registry.npmjs.org/history/-/history-5.0.1.tgz",
            "integrity": "sha512-5qC/tFUKfVci5kzgRxZxN5Mf1CV8NmJx9ByaPX0YTLx5Vz3Svh7NYp6eA4CpDq4iA9D0C1t8BNIfvQIrUI3mVw==",
            "dependencies": {
                "@babel/runtime": "^7.7.6"
            }
        },
        "node_modules/hoist-non-react-statics": {
            "version": "3.3.2",
            "resolved": "https://registry.npmjs.org/hoist-non-react-statics/-/hoist-non-react-statics-3.3.2.tgz",
            "integrity": "sha512-/gGivxi8JPKWNm/W0jSmzcMPpfpPLc3dY/6GxhX2hQ9iGj3aDfklV4ET7NjKpSinLpJ5vafa9iiGIEZg10SfBw==",
            "dependencies": {
                "react-is": "^16.7.0"
            }
        },
        "node_modules/invariant": {
            "version": "2.2.4",
            "resolved": "https://registry.npmjs.org/invariant/-/invariant-2.2.4.tgz",
            "integrity": "sha512-phJfQVBuaJM5raOpJjSfkiD6BpbCE4Ns//LaXl6wGYtUBY83nWS6Rf9tXm2e8VaK60JEjYldbPif/A2B1C2gNA==",
            "dependencies": {
                "loose-envify": "^1.0.0"
            }
        },
        "node_modules/js-tokens": {
            "version": "4.0.0",
            "resolved": "https://registry.npmjs.org/js-tokens/-/js-tokens-4.0.0.tgz",
            "integrity": "sha512-RdJUflcE3cUzKiMqQgsCu06FPu9UdIJO0beYbPhHN4k6apgJtifcoCtT9bcxOpYBtpD2kCM6Sbzg4CausW/PKQ=="
        },
        "node_modules/loose-envify": {
            "version": "1.4.0",
            "resolved": "https://registry.npmjs.org/loose-envify/-/loose-envify-1.4.0.tgz",
            "integrity": "sha512-lyuxPGr/Wfhrlem2CL/UcnUc1zcqKAImBDzukY7Y5F/yQiNdko6+fRLevlw1HgMySw7f611UIY408EtxRSoK3Q==",
            "dependencies": {
                "js-tokens": "^3.0.0 || ^4.0.0"
            },
            "bin": {
                "loose-envify": "cli.js"
            }
        },
        "node_modules/object-assign": {
            "version": "4.1.1",
            "resolved": "https://registry.npmjs.org/object-assign/-/object-assign-4.1.1.tgz",
            "integrity": "sha1-IQmtx5ZYh8/AXLvUQsrIv7s2CGM=",
            "engines": {
                "node": ">=0.10.0"
            }
        },
        "node_modules/prop-types": {
            "version": "15.7.2",
            "resolved": "https://registry.npmjs.org/prop-types/-/prop-types-15.7.2.tgz",
            "integrity": "sha512-8QQikdH7//R2vurIJSutZ1smHYTcLpRWEOlHnzcWHmBYrOGUysKwSsrC89BCiFj3CbrfJ/nXFdJepOVrY1GCHQ==",
            "dependencies": {
                "loose-envify": "^1.4.0",
                "object-assign": "^4.1.1",
                "react-is": "^16.8.1"
            }
        },
        "node_modules/query-string": {
            "version": "4.3.4",
            "resolved": "https://registry.npmjs.org/query-string/-/query-string-4.3.4.tgz",
            "integrity": "sha1-u7aTucqRXCMlFbIosaArYJBD2+s=",
            "dependencies": {
                "object-assign": "^4.1.0",
                "strict-uri-encode": "^1.0.0"
            },
            "engines": {
                "node": ">=0.10.0"
            }
        },
        "node_modules/react": {
            "version": "16.14.0",
            "resolved": "https://registry.npmjs.org/react/-/react-16.14.0.tgz",
            "integrity": "sha512-0X2CImDkJGApiAlcf0ODKIneSwBPhqJawOa5wCtKbu7ZECrmS26NvtSILynQ66cgkT/RJ4LidJOc3bUESwmU8g==",
            "peer": true,
            "dependencies": {
                "loose-envify": "^1.1.0",
                "object-assign": "^4.1.1",
                "prop-types": "^15.6.2"
            },
            "engines": {
                "node": ">=0.10.0"
            }
        },
        "node_modules/react-is": {
            "version": "16.13.1",
            "resolved": "https://registry.npmjs.org/react-is/-/react-is-16.13.1.tgz",
            "integrity": "sha512-24e6ynE2H+OKt4kqsOvNd8kBpV65zoxbA4BVsEOB3ARVWQki/DHzaUoC5KuON/BiccDaCCTZBuOcfZs70kR8bQ=="
        },
        "node_modules/react-router": {
            "version": "3.2.6",
            "resolved": "https://registry.npmjs.org/react-router/-/react-router-3.2.6.tgz",
            "integrity": "sha512-nlxtQE8B22hb/JxdaslI1tfZacxFU8x8BJryXOnR2RxB4vc01zuHYAHAIgmBkdk1kzXaA25hZxK6KAH/+CXArw==",
            "dependencies": {
                "create-react-class": "^15.5.1",
                "history": "^3.0.0",
                "hoist-non-react-statics": "^3.3.2",
                "invariant": "^2.2.1",
                "loose-envify": "^1.2.0",
                "prop-types": "^15.7.2",
                "react-is": "^16.13.0",
                "warning": "^3.0.0"
            },
            "peerDependencies": {
                "react": "^0.14.0 || ^15.0.0 || ^16.0.0"
            }
        },
        "node_modules/react-router/node_modules/history": {
            "version": "3.3.0",
            "resolved": "https://registry.npmjs.org/history/-/history-3.3.0.tgz",
            "integrity": "sha1-/O3M6PEpdTcVRdc1RhAzV5ptrpw=",
            "dependencies": {
                "invariant": "^2.2.1",
                "loose-envify": "^1.2.0",
                "query-string": "^4.2.2",
                "warning": "^3.0.0"
            }
        },
        "node_modules/regenerator-runtime": {
            "version": "0.13.9",
            "resolved": "https://registry.npmjs.org/regenerator-runtime/-/regenerator-runtime-0.13.9.tgz",
            "integrity": "sha512-p3VT+cOEgxFsRRA9X4lkI1E+k2/CtnKtU4gcxyaCUreilL/vqI6CdZ3wxVUx3UOUg+gnUOQQcRI7BmSI656MYA=="
        },
        "node_modules/strict-uri-encode": {
            "version": "1.1.0",
            "resolved": "https://registry.npmjs.org/strict-uri-encode/-/strict-uri-encode-1.1.0.tgz",
            "integrity": "sha1-J5siXfHVgrH1TmWt3UNS4Y+qBxM=",
            "engines": {
                "node": ">=0.10.0"
            }
        },
        "node_modules/warning": {
            "version": "3.0.0",
            "resolved": "https://registry.npmjs.org/warning/-/warning-3.0.0.tgz",
            "integrity": "sha1-MuU3fLVy3kqwR1O9+IIcAe1gW3w=",
            "dependencies": {
                "loose-envify": "^1.0.0"
            }
        }
    },
    "dependencies": {
        "@babel/runtime": {
            "version": "7.15.4",
            "resolved": "https://registry.npmjs.org/@babel/runtime/-/runtime-7.15.4.tgz",
            "integrity": "sha512-99catp6bHCaxr4sJ/DbTGgHS4+Rs2RVd2g7iOap6SLGPDknRK9ztKNsE/Fg6QhSeh1FGE5f6gHGQmvvn3I3xhw==",
            "requires": {
                "regenerator-runtime": "^0.13.4"
            }
        },
        "@version/react-router-v3": {
            "version": "1.0.0",
            "resolved": "https://registry.npmjs.org/@version/react-router-v3/-/react-router-v3-1.0.0.tgz",
            "integrity": "sha512-5LOzVnjTBS6A3AYWOdTfPKmL28nA3YsvyO/nN0Xdx7eRARVLfHVVi1+DEDXd1BgZgJfRdBQWnAlcxfPAHt7I7A==",
            "requires": {
                "react-router": "^3.0.0"
            }
        },
        "create-react-class": {
            "version": "15.7.0",
            "resolved": "https://registry.npmjs.org/create-react-class/-/create-react-class-15.7.0.tgz",
            "integrity": "sha512-QZv4sFWG9S5RUvkTYWbflxeZX+JG7Cz0Tn33rQBJ+WFQTqTfUTjMjiv9tnfXazjsO5r0KhPs+AqCjyrQX6h2ng==",
            "requires": {
                "loose-envify": "^1.3.1",
                "object-assign": "^4.1.1"
            }
        },
        "history": {
            "version": "5.0.1",
            "resolved": "https://registry.npmjs.org/history/-/history-5.0.1.tgz",
            "integrity": "sha512-5qC/tFUKfVci5kzgRxZxN5Mf1CV8NmJx9ByaPX0YTLx5Vz3Svh7NYp6eA4CpDq4iA9D0C1t8BNIfvQIrUI3mVw==",
            "requires": {
                "@babel/runtime": "^7.7.6"
            }
        },
        "hoist-non-react-statics": {
            "version": "3.3.2",
            "resolved": "https://registry.npmjs.org/hoist-non-react-statics/-/hoist-non-react-statics-3.3.2.tgz",
            "integrity": "sha512-/gGivxi8JPKWNm/W0jSmzcMPpfpPLc3dY/6GxhX2hQ9iGj3aDfklV4ET7NjKpSinLpJ5vafa9iiGIEZg10SfBw==",
            "requires": {
                "react-is": "^16.7.0"
            }
        },
        "invariant": {
            "version": "2.2.4",
            "resolved": "https://registry.npmjs.org/invariant/-/invariant-2.2.4.tgz",
            "integrity": "sha512-phJfQVBuaJM5raOpJjSfkiD6BpbCE4Ns//LaXl6wGYtUBY83nWS6Rf9tXm2e8VaK60JEjYldbPif/A2B1C2gNA==",
            "requires": {
                "loose-envify": "^1.0.0"
            }
        },
        "js-tokens": {
            "version": "4.0.0",
            "resolved": "https://registry.npmjs.org/js-tokens/-/js-tokens-4.0.0.tgz",
            "integrity": "sha512-RdJUflcE3cUzKiMqQgsCu06FPu9UdIJO0beYbPhHN4k6apgJtifcoCtT9bcxOpYBtpD2kCM6Sbzg4CausW/PKQ=="
        },
        "loose-envify": {
            "version": "1.4.0",
            "resolved": "https://registry.npmjs.org/loose-envify/-/loose-envify-1.4.0.tgz",
            "integrity": "sha512-lyuxPGr/Wfhrlem2CL/UcnUc1zcqKAImBDzukY7Y5F/yQiNdko6+fRLevlw1HgMySw7f611UIY408EtxRSoK3Q==",
            "requires": {
                "js-tokens": "^3.0.0 || ^4.0.0"
            }
        },
        "object-assign": {
            "version": "4.1.1",
            "resolved": "https://registry.npmjs.org/object-assign/-/object-assign-4.1.1.tgz",
            "integrity": "sha1-IQmtx5ZYh8/AXLvUQsrIv7s2CGM="
        },
        "prop-types": {
            "version": "15.7.2",
            "resolved": "https://registry.npmjs.org/prop-types/-/prop-types-15.7.2.tgz",
            "integrity": "sha512-8QQikdH7//R2vurIJSutZ1smHYTcLpRWEOlHnzcWHmBYrOGUysKwSsrC89BCiFj3CbrfJ/nXFdJepOVrY1GCHQ==",
            "requires": {
                "loose-envify": "^1.4.0",
                "object-assign": "^4.1.1",
                "react-is": "^16.8.1"
            }
        },
        "query-string": {
            "version": "4.3.4",
            "resolved": "https://registry.npmjs.org/query-string/-/query-string-4.3.4.tgz",
            "integrity": "sha1-u7aTucqRXCMlFbIosaArYJBD2+s=",
            "requires": {
                "object-assign": "^4.1.0",
                "strict-uri-encode": "^1.0.0"
            }
        },
        "react": {
            "version": "16.14.0",
            "resolved": "https://registry.npmjs.org/react/-/react-16.14.0.tgz",
            "integrity": "sha512-0X2CImDkJGApiAlcf0ODKIneSwBPhqJawOa5wCtKbu7ZECrmS26NvtSILynQ66cgkT/RJ4LidJOc3bUESwmU8g==",
            "peer": true,
            "requires": {
                "loose-envify": "^1.1.0",
                "object-assign": "^4.1.1",
                "prop-types": "^15.6.2"
            }
        },
        "react-is": {
            "version": "16.13.1",
            "resolved": "https://registry.npmjs.org/react-is/-/react-is-16.13.1.tgz",
            "integrity": "sha512-24e6ynE2H+OKt4kqsOvNd8kBpV65zoxbA4BVsEOB3ARVWQki/DHzaUoC5KuON/BiccDaCCTZBuOcfZs70kR8bQ=="
        },
        "react-router": {
            "version": "3.2.6",
            "resolved": "https://registry.npmjs.org/react-router/-/react-router-3.2.6.tgz",
            "integrity": "sha512-nlxtQE8B22hb/JxdaslI1tfZacxFU8x8BJryXOnR2RxB4vc01zuHYAHAIgmBkdk1kzXaA25hZxK6KAH/+CXArw==",
            "requires": {
                "create-react-class": "^15.5.1",
                "history": "^3.0.0",
                "hoist-non-react-statics": "^3.3.2",
                "invariant": "^2.2.1",
                "loose-envify": "^1.2.0",
                "prop-types": "^15.7.2",
                "react-is": "^16.13.0",
                "warning": "^3.0.0"
            },
            "dependencies": {
                "history": {
                    "version": "3.3.0",
                    "resolved": "https://registry.npmjs.org/history/-/history-3.3.0.tgz",
                    "integrity": "sha1-/O3M6PEpdTcVRdc1RhAzV5ptrpw=",
                    "requires": {
                        "invariant": "^2.2.1",
                        "loose-envify": "^1.2.0",
                        "query-string": "^4.2.2",
                        "warning": "^3.0.0"
                    }
                }
            }
        },
        "regenerator-runtime": {
            "version": "0.13.9",
            "resolved": "https://registry.npmjs.org/regenerator-runtime/-/regenerator-runtime-0.13.9.tgz",
            "integrity": "sha512-p3VT+cOEgxFsRRA9X4lkI1E+k2/CtnKtU4gcxyaCUreilL/vqI6CdZ3wxVUx3UOUg+gnUOQQcRI7BmSI656MYA=="
        },
        "strict-uri-encode": {
            "version": "1.1.0",
            "resolved": "https://registry.npmjs.org/strict-uri-encode/-/strict-uri-encode-1.1.0.tgz",
            "integrity": "sha1-J5siXfHVgrH1TmWt3UNS4Y+qBxM="
        },
        "warning": {
            "version": "3.0.0",
            "resolved": "https://registry.npmjs.org/warning/-/warning-3.0.0.tgz",
            "integrity": "sha1-MuU3fLVy3kqwR1O9+IIcAe1gW3w=",
            "requires": {
                "loose-envify": "^1.0.0"
            }
        }
    }
}
